
Microsoft Visual Studio Solution File, Format Version 12.00
# Visual Studio Version 17
VisualStudioVersion = 17.0.31903.59
MinimumVisualStudioVersion = 10.0.40219.1
Project("{FAE04EC0-301F-11D3-BF4B-00C04F79EFBC}") = "API", "API\API.csproj", "{A9E9C7AC-C6A7-45F7-85F6-C80174D3CA2F}"
EndProject
Project("{FAE04EC0-301F-11D3-BF4B-00C04F79EFBC}") = "Core", "Core\Core.csproj", "{CBDE39D4-852B-459C-91FB-E1A9E8076BD6}"
EndProject
Project("{FAE04EC0-301F-11D3-BF4B-00C04F79EFBC}") = "Infrastructure", "Infrastructure\Infrastructure.csproj", "{61824AA9-A6E6-4960-95F6-0E433673065C}"
EndProject
Global
	GlobalSection(SolutionConfigurationPlatforms) = preSolution
		Debug|Any CPU = Debug|Any CPU
		Release|Any CPU = Release|Any CPU
	EndGlobalSection
	GlobalSection(SolutionProperties) = preSolution
		HideSolutionNode = FALSE
	EndGlobalSection
	GlobalSection(ProjectConfigurationPlatforms) = postSolution
		{A9E9C7AC-C6A7-45F7-85F6-C80174D3CA2F}.Debug|Any CPU.ActiveCfg = Debug|Any CPU
		{A9E9C7AC-C6A7-45F7-85F6-C80174D3CA2F}.Debug|Any CPU.Build.0 = Debug|Any CPU
		{A9E9C7AC-C6A7-45F7-85F6-C80174D3CA2F}.Release|Any CPU.ActiveCfg = Release|Any CPU
		{A9E9C7AC-C6A7-45F7-85F6-C80174D3CA2F}.Release|Any CPU.Build.0 = Release|Any CPU
		{CBDE39D4-852B-459C-91FB-E1A9E8076BD6}.Debug|Any CPU.ActiveCfg = Debug|Any CPU
		{CBDE39D4-852B-459C-91FB-E1A9E8076BD6}.Debug|Any CPU.Build.0 = Debug|Any CPU
		{CBDE39D4-852B-459C-91FB-E1A9E8076BD6}.Release|Any CPU.ActiveCfg = Release|Any CPU
		{CBDE39D4-852B-459C-91FB-E1A9E8076BD6}.Release|Any CPU.Build.0 = Release|Any CPU
		{61824AA9-A6E6-4960-95F6-0E433673065C}.Debug|Any CPU.ActiveCfg = Debug|Any CPU
		{61824AA9-A6E6-4960-95F6-0E433673065C}.Debug|Any CPU.Build.0 = Debug|Any CPU
		{61824AA9-A6E6-4960-95F6-0E433673065C}.Release|Any CPU.ActiveCfg = Release|Any CPU
		{61824AA9-A6E6-4960-95F6-0E433673065C}.Release|Any CPU.Build.0 = Release|Any CPU
	EndGlobalSection
EndGlobal
